
Microsoft Visual Studio Solution File, Format Version 12.00
# Visual Studio Version 17
VisualStudioVersion = 17.8.34316.72
MinimumVisualStudioVersion = 10.0.40219.1
Project("{FAE04EC0-301F-11D3-BF4B-00C04F79EFBC}") = "WallCliper", "WallCliper\WallCliper.csproj", "{1EB11F18-435D-4A75-B5D3-A6A8444511B1}"
EndProject
Global
	GlobalSection(SolutionConfigurationPlatforms) = preSolution
		Debug|Any CPU = Debug|Any CPU
		Release|Any CPU = Release|Any CPU
	EndGlobalSection
	GlobalSection(ProjectConfigurationPlatforms) = postSolution
		{1EB11F18-435D-4A75-B5D3-A6A8444511B1}.Debug|Any CPU.ActiveCfg = Debug|Any CPU
		{1EB11F18-435D-4A75-B5D3-A6A8444511B1}.Debug|Any CPU.Build.0 = Debug|Any CPU
		{1EB11F18-435D-4A75-B5D3-A6A8444511B1}.Release|Any CPU.ActiveCfg = Release|Any CPU
		{1EB11F18-435D-4A75-B5D3-A6A8444511B1}.Release|Any CPU.Build.0 = Release|Any CPU
	EndGlobalSection
	GlobalSection(SolutionProperties) = preSolution
		HideSolutionNode = FALSE
	EndGlobalSection
	GlobalSection(ExtensibilityGlobals) = postSolution
		SolutionGuid = {A79F977D-4CC9-4232-BBBD-41904CB4B595}
	EndGlobalSection
EndGlobal
